# This file is autogenerated, do not edit; changes may be undone by the next 'dep ensure'.


[[projects]]
  branch = "master"
  name = "github.com/Azure/go-ntlmssp"
  packages = ["."]
  revision = "c92175d540060095c69ced311f76aea56c83ecdb"

[[projects]]
  name = "github.com/ChrisTrenkamp/goxpath"
  packages = [".","internal/execxp","internal/lexer","internal/parser","internal/parser/findutil","internal/parser/intfns","internal/parser/pathexpr","internal/xconst","internal/xsort","tree","tree/xmltree","tree/xmltree/xmlbuilder","tree/xmltree/xmlele","tree/xmltree/xmlnode"]
  revision = "2ad3b31cf4a21db70fc0cacd0e0120eaae566f98"
  version = "v1.0-alpha3"

[[projects]]
  name = "github.com/MSOpenTech/azure-sdk-for-go"
  packages = ["core/tls"]
  revision = "0fbd37144de3adc2aef74db867c0e15e41c7f74a"
  version = "v1.2"

[[projects]]
  name = "github.com/dylanmei/iso8601"
  packages = ["."]
  revision = "2075bf119b58e5576c6ed9f867b8f3d17f2e54d4"
  version = "v0.1.0"

[[projects]]
  branch = "master"
  name = "github.com/gophercloud/gophercloud"
  packages = [".","internal","openstack","openstack/common/extensions","openstack/compute/v2/extensions","openstack/compute/v2/extensions/floatingips","openstack/compute/v2/extensions/keypairs","openstack/compute/v2/extensions/startstop","openstack/compute/v2/flavors","openstack/compute/v2/images","openstack/compute/v2/servers","openstack/identity/v2/tenants","openstack/identity/v2/tokens","openstack/identity/v3/tokens","openstack/imageservice/v2/images","openstack/imageservice/v2/members","openstack/utils","pagination","testhelper","testhelper/client"]
  revision = "ea2d057dde9d1fea6e9d524979151669c105c679"

[[projects]]
  branch = "master"
  name = "github.com/hashicorp/errwrap"
  packages = ["."]
  revision = "7554cd9344cec97297fa6649b055a8c98c2a1e55"

[[projects]]
  branch = "master"
  name = "github.com/hashicorp/go-checkpoint"
  packages = ["."]
  revision = "1545e56e46dec3bba264e41fde2c1e2aa65b5dd4"

[[projects]]
  branch = "master"
  name = "github.com/hashicorp/go-cleanhttp"
  packages = ["."]
  revision = "3573b8b52aa7b37b9358d966a898feb387f62437"

[[projects]]
  branch = "master"
  name = "github.com/hashicorp/go-multierror"
  packages = ["."]
  revision = "83588e72410abfbe4df460eeb6f30841ae47d4c4"

[[projects]]
  branch = "master"
  name = "github.com/hashicorp/go-uuid"
  packages = ["."]
  revision = "64130c7a86d732268a38cb04cfbaf0cc987fda98"

[[projects]]
  branch = "master"
  name = "github.com/hashicorp/go-version"
  packages = ["."]
  revision = "fc61389e27c71d120f87031ca8c88a3428f372dd"

[[projects]]
  name = "github.com/hashicorp/packer"
  packages = ["builder/openstack","common","common/ssh","common/uuid","communicator/none","communicator/ssh","communicator/winrm","helper/communicator","helper/config","packer","packer/plugin","packer/rpc","template","template/interpolate","version"]
  revision = "14183e6bc442559cd401618ff58293c29455b87c"
  version = "v1.1.2"

[[projects]]
  branch = "master"
  name = "github.com/hashicorp/yamux"
  packages = ["."]
  revision = "f5742cb6b85602e7fa834e9d5d91a7d7fa850824"

[[projects]]
  branch = "master"
  name = "github.com/kr/fs"
  packages = ["."]
  revision = "2788f0dbd16903de03cb8186e5c7d97b69ad387b"

[[projects]]
  branch = "master"
  name = "github.com/masterzen/azure-sdk-for-go"
  packages = ["core/http","core/tls"]
  revision = "ee4f0065d00cd12b542f18f5bc45799e88163b12"

[[projects]]
  branch = "master"
  name = "github.com/masterzen/simplexml"
  packages = ["dom"]
  revision = "4572e39b1ab9fe03ee513ce6fc7e289e98482190"

[[projects]]
  branch = "master"
  name = "github.com/masterzen/winrm"
  packages = [".","soap"]
  revision = "a2df6b1315e6fd5885eb15c67ed259e85854125f"

[[projects]]
  branch = "master"
  name = "github.com/mitchellh/go-fs"
  packages = [".","fat"]
  revision = "7bae45d9a684750e82b97ff320c82556614e621b"

[[projects]]
  branch = "master"
  name = "github.com/mitchellh/iochan"
  packages = ["."]
  revision = "87b45ffd0e9581375c491fef3d32130bb15c5bd7"

[[projects]]
  branch = "master"
  name = "github.com/mitchellh/mapstructure"
  packages = ["."]
  revision = "06020f85339e21b2478f756a78e295255ffa4d6a"

[[projects]]
  branch = "master"
  name = "github.com/mitchellh/multistep"
  packages = ["."]
  revision = "391576a156a54cfbb4cf5d5eda40cf6ffa3e3a4d"

[[projects]]
  branch = "master"
  name = "github.com/mitchellh/reflectwalk"
  packages = ["."]
  revision = "63d60e9d0dbc60cf9164e6510889b0db6683d98c"

[[projects]]
  branch = "master"
  name = "github.com/nu7hatch/gouuid"
  packages = ["."]
  revision = "179d4d0c4d8d407a32af483c2354df1d2c91e6c3"

[[projects]]
  branch = "master"
  name = "github.com/packer-community/winrmcp"
  packages = ["winrmcp"]
  revision = "e1b7d6e6b1b1a27984270784190f1d06ad91888b"

[[projects]]
  name = "github.com/pkg/errors"
  packages = ["."]
  revision = "645ef00459ed84a119197bfb8d8205042c6df63d"
  version = "v0.8.0"

[[projects]]
  name = "github.com/pkg/sftp"
  packages = ["."]
  revision = "98203f5a8333288eb3163b7c667d4260fe1333e9"
  version = "1.0.0"

[[projects]]
  branch = "master"
  name = "github.com/ugorji/go"
  packages = ["codec"]
  revision = "84cb69a8af8316eed8cf4a3c9368a56977850062"

[[projects]]
  branch = "master"
  name = "golang.org/x/crypto"
  packages = ["curve25519","ed25519","ed25519/internal/edwards25519","md4","ssh","ssh/agent"]
  revision = "94eea52f7b742c7cbe0b03b22f0c4c8631ece122"

[[projects]]
  branch = "master"
  name = "golang.org/x/net"
  packages = ["html","html/atom","html/charset","proxy"]
  revision = "894f8ed5849b15b810ae41e9590a0d05395bba27"

[[projects]]
  branch = "master"
  name = "golang.org/x/text"
  packages = ["encoding","encoding/charmap","encoding/htmlindex","encoding/internal","encoding/internal/identifier","encoding/japanese","encoding/korean","encoding/simplifiedchinese","encoding/traditionalchinese","encoding/unicode","internal/gen","internal/tag","internal/utf8internal","language","runes","transform","unicode/cldr"]
  revision = "572a2b141f625f4360cf42a41a43622067e0510b"

[solve-meta]
  analyzer-name = "dep"
  analyzer-version = 1
  inputs-digest = "bbfcccdb2f6999268d94453681fe06bba849d1a6edb31a96b4be4dd30adc4183"
  solver-name = "gps-cdcl"
  solver-version = 1
